
Microsoft Visual Studio Solution File, Format Version 12.00
# Visual Studio Version 16
VisualStudioVersion = 16.0.30204.135
MinimumVisualStudioVersion = 10.0.40219.1
Project("{FAE04EC0-301F-11D3-BF4B-00C04F79EFBC}") = "ISM6225 In-class GitHub site", "ISM6225 In-class GitHub site\ISM6225 In-class GitHub site.csproj", "{933CF3A7-2A0C-49BB-85EC-428F105D9F6A}"
EndProject
Global
	GlobalSection(SolutionConfigurationPlatforms) = preSolution
		Debug|Any CPU = Debug|Any CPU
		Release|Any CPU = Release|Any CPU
	EndGlobalSection
	GlobalSection(ProjectConfigurationPlatforms) = postSolution
		{933CF3A7-2A0C-49BB-85EC-428F105D9F6A}.Debug|Any CPU.ActiveCfg = Debug|Any CPU
		{933CF3A7-2A0C-49BB-85EC-428F105D9F6A}.Debug|Any CPU.Build.0 = Debug|Any CPU
		{933CF3A7-2A0C-49BB-85EC-428F105D9F6A}.Release|Any CPU.ActiveCfg = Release|Any CPU
		{933CF3A7-2A0C-49BB-85EC-428F105D9F6A}.Release|Any CPU.Build.0 = Release|Any CPU
	EndGlobalSection
	GlobalSection(SolutionProperties) = preSolution
		HideSolutionNode = FALSE
	EndGlobalSection
	GlobalSection(ExtensibilityGlobals) = postSolution
		SolutionGuid = {0C95F692-95BD-4BBE-BE4F-DE3CA5D37B37}
	EndGlobalSection
EndGlobal
